
Microsoft Visual Studio Solution File, Format Version 12.00
# Visual Studio Version 16
VisualStudioVersion = 16.0.31605.320
MinimumVisualStudioVersion = 10.0.40219.1
Project("{FAE04EC0-301F-11D3-BF4B-00C04F79EFBC}") = "ASP_NET_Mehedee", "ASP_NET_Mehedee.csproj", "{486EA375-1CC0-4355-AD59-047EA5882AC3}"
EndProject
Project("{FAE04EC0-301F-11D3-BF4B-00C04F79EFBC}") = "AspMehedeeMlLn", "..\AspMehedeeMlLn\AspMehedeeMlLn.csproj", "{08262053-29AB-4E8B-9D96-9FB6C2455EC5}"
EndProject
Global
	GlobalSection(SolutionConfigurationPlatforms) = preSolution
		Debug|Any CPU = Debug|Any CPU
		Release|Any CPU = Release|Any CPU
	EndGlobalSection
	GlobalSection(ProjectConfigurationPlatforms) = postSolution
		{486EA375-1CC0-4355-AD59-047EA5882AC3}.Debug|Any CPU.ActiveCfg = Debug|Any CPU
		{486EA375-1CC0-4355-AD59-047EA5882AC3}.Debug|Any CPU.Build.0 = Debug|Any CPU
		{486EA375-1CC0-4355-AD59-047EA5882AC3}.Release|Any CPU.ActiveCfg = Release|Any CPU
		{486EA375-1CC0-4355-AD59-047EA5882AC3}.Release|Any CPU.Build.0 = Release|Any CPU
		{08262053-29AB-4E8B-9D96-9FB6C2455EC5}.Debug|Any CPU.ActiveCfg = Debug|Any CPU
		{08262053-29AB-4E8B-9D96-9FB6C2455EC5}.Debug|Any CPU.Build.0 = Debug|Any CPU
		{08262053-29AB-4E8B-9D96-9FB6C2455EC5}.Release|Any CPU.ActiveCfg = Release|Any CPU
		{08262053-29AB-4E8B-9D96-9FB6C2455EC5}.Release|Any CPU.Build.0 = Release|Any CPU
	EndGlobalSection
	GlobalSection(SolutionProperties) = preSolution
		HideSolutionNode = FALSE
	EndGlobalSection
	GlobalSection(ExtensibilityGlobals) = postSolution
		SolutionGuid = {149AC754-FE3D-4C4B-9C17-8D923B49BFF4}
	EndGlobalSection
EndGlobal
